
Microsoft Visual Studio Solution File, Format Version 12.00
# Visual Studio 2013
VisualStudioVersion = 12.0.21005.1
MinimumVisualStudioVersion = 10.0.40219.1
Project("{FAE04EC0-301F-11D3-BF4B-00C04F79EFBC}") = "DetermineTriangleType", "DetermineTriangleType\DetermineTriangleType.csproj", "{3C228D83-9F44-429F-92E5-5359E8878F73}"
EndProject
Project("{FAE04EC0-301F-11D3-BF4B-00C04F79EFBC}") = "GetPrimeFactors", "GetPrimeFactors\GetPrimeFactors.csproj", "{F94EFDA4-184A-4FAF-8D09-897DC1550897}"
EndProject
Project("{FAE04EC0-301F-11D3-BF4B-00C04F79EFBC}") = "SinglyLinkedListNode", "SinglyLinkedListNode\SinglyLinkedListNode.csproj", "{0DBF21EB-9C0D-4C69-8E54-E8D98A744749}"
EndProject
Global
	GlobalSection(SolutionConfigurationPlatforms) = preSolution
		Debug|Any CPU = Debug|Any CPU
		Release|Any CPU = Release|Any CPU
	EndGlobalSection
	GlobalSection(ProjectConfigurationPlatforms) = postSolution
		{3C228D83-9F44-429F-92E5-5359E8878F73}.Debug|Any CPU.ActiveCfg = Debug|Any CPU
		{3C228D83-9F44-429F-92E5-5359E8878F73}.Debug|Any CPU.Build.0 = Debug|Any CPU
		{3C228D83-9F44-429F-92E5-5359E8878F73}.Release|Any CPU.ActiveCfg = Release|Any CPU
		{3C228D83-9F44-429F-92E5-5359E8878F73}.Release|Any CPU.Build.0 = Release|Any CPU
		{F94EFDA4-184A-4FAF-8D09-897DC1550897}.Debug|Any CPU.ActiveCfg = Debug|Any CPU
		{F94EFDA4-184A-4FAF-8D09-897DC1550897}.Debug|Any CPU.Build.0 = Debug|Any CPU
		{F94EFDA4-184A-4FAF-8D09-897DC1550897}.Release|Any CPU.ActiveCfg = Release|Any CPU
		{F94EFDA4-184A-4FAF-8D09-897DC1550897}.Release|Any CPU.Build.0 = Release|Any CPU
		{0DBF21EB-9C0D-4C69-8E54-E8D98A744749}.Debug|Any CPU.ActiveCfg = Debug|Any CPU
		{0DBF21EB-9C0D-4C69-8E54-E8D98A744749}.Debug|Any CPU.Build.0 = Debug|Any CPU
		{0DBF21EB-9C0D-4C69-8E54-E8D98A744749}.Release|Any CPU.ActiveCfg = Release|Any CPU
		{0DBF21EB-9C0D-4C69-8E54-E8D98A744749}.Release|Any CPU.Build.0 = Release|Any CPU
	EndGlobalSection
	GlobalSection(SolutionProperties) = preSolution
		HideSolutionNode = FALSE
	EndGlobalSection
EndGlobal
